// !$*UTF8*$!
{
	archiveVersion = 1;
	classes = {
	};
	objectVersion = 46;
	objects = {

/* Begin PBXBuildFile section */
		4911F35F1D4CB18100E8ADB2 /* GraphShortestPathViewController.m in Sources */ = {isa = PBXBuildFile; fileRef = 4911F35E1D4CB18100E8ADB2 /* GraphShortestPathViewController.m */; };
		4938A0DC1D3267EB0022EB8A /* main.m in Sources */ = {isa = PBXBuildFile; fileRef = 4938A0DB1D3267EB0022EB8A /* main.m */; };
		4938A0DF1D3267EB0022EB8A /* AppDelegate.m in Sources */ = {isa = PBXBuildFile; fileRef = 4938A0DE1D3267EB0022EB8A /* AppDelegate.m */; };
		4938A0E21D3267EB0022EB8A /* MatrixShortestPathViewController.m in Sources */ = {isa = PBXBuildFile; fileRef = 4938A0E11D3267EB0022EB8A /* MatrixShortestPathViewController.m */; };
		4938A0E51D3267EB0022EB8A /* Main.storyboard in Resources */ = {isa = PBXBuildFile; fileRef = 4938A0E31D3267EB0022EB8A /* Main.storyboard */; };
		4938A0E71D3267EB0022EB8A /* Assets.xcassets in Resources */ = {isa = PBXBuildFile; fileRef = 4938A0E61D3267EB0022EB8A /* Assets.xcassets */; };
		4938A0EA1D3267EB0022EB8A /* LaunchScreen.storyboard in Resources */ = {isa = PBXBuildFile; fileRef = 4938A0E81D3267EB0022EB8A /* LaunchScreen.storyboard */; };
		494FD3341D4B9AB90006980B /* BubbleSortViewController.m in Sources */ = {isa = PBXBuildFile; fileRef = 494FD3331D4B9AB90006980B /* BubbleSortViewController.m */; };
		497186601D53926B00D04221 /* SelectionSortViewController.m in Sources */ = {isa = PBXBuildFile; fileRef = 4971865F1D53926B00D04221 /* SelectionSortViewController.m */; };
		497186631D53927400D04221 /* MergeSortViewController.m in Sources */ = {isa = PBXBuildFile; fileRef = 497186621D53927400D04221 /* MergeSortViewController.m */; };
		498768181D32963A000669A9 /* Dijkstra.m in Sources */ = {isa = PBXBuildFile; fileRef = 498768171D32963A000669A9 /* Dijkstra.m */; };
		49B6DC611D51EA73001C86F2 /* MenuViewController.m in Sources */ = {isa = PBXBuildFile; fileRef = 49B6DC601D51EA73001C86F2 /* MenuViewController.m */; };
		49D435851D354962004F0B5F /* InsertionSortViewController.m in Sources */ = {isa = PBXBuildFile; fileRef = 49D435841D354962004F0B5F /* InsertionSortViewController.m */; };
/* End PBXBuildFile section */

/* Begin PBXFileReference section */
		4911F35D1D4CB18100E8ADB2 /* GraphShortestPathViewController.h */ = {isa = PBXFileReference; fileEncoding = 4; lastKnownFileType = sourcecode.c.h; path = GraphShortestPathViewController.h; sourceTree = "<group>"; };
		4911F35E1D4CB18100E8ADB2 /* GraphShortestPathViewController.m */ = {isa = PBXFileReference; fileEncoding = 4; lastKnownFileType = sourcecode.c.objc; path = GraphShortestPathViewController.m; sourceTree = "<group>"; };
		4938A0D71D3267EB0022EB8A /* Algorithms.app */ = {isa = PBXFileReference; explicitFileType = wrapper.application; includeInIndex = 0; path = Algorithms.app; sourceTree = BUILT_PRODUCTS_DIR; };
		4938A0DB1D3267EB0022EB8A /* main.m */ = {isa = PBXFileReference; lastKnownFileType = sourcecode.c.objc; path = main.m; sourceTree = "<group>"; };
		4938A0DD1D3267EB0022EB8A /* AppDelegate.h */ = {isa = PBXFileReference; lastKnownFileType = sourcecode.c.h; path = AppDelegate.h; sourceTree = "<group>"; };
		4938A0DE1D3267EB0022EB8A /* AppDelegate.m */ = {isa = PBXFileReference; lastKnownFileType = sourcecode.c.objc; path = AppDelegate.m; sourceTree = "<group>"; };
		4938A0E01D3267EB0022EB8A /* MatrixShortestPathViewController.h */ = {isa = PBXFileReference; lastKnownFileType = sourcecode.c.h; path = MatrixShortestPathViewController.h; sourceTree = "<group>"; };
		4938A0E11D3267EB0022EB8A /* MatrixShortestPathViewController.m */ = {isa = PBXFileReference; lastKnownFileType = sourcecode.c.objc; path = MatrixShortestPathViewController.m; sourceTree = "<group>"; };
		4938A0E41D3267EB0022EB8A /* Base */ = {isa = PBXFileReference; lastKnownFileType = file.storyboard; name = Base; path = Base.lproj/Main.storyboard; sourceTree = "<group>"; };
		4938A0E61D3267EB0022EB8A /* Assets.xcassets */ = {isa = PBXFileReference; lastKnownFileType = folder.assetcatalog; path = Assets.xcassets; sourceTree = "<group>"; };
		4938A0E91D3267EB0022EB8A /* Base */ = {isa = PBXFileReference; lastKnownFileType = file.storyboard; name = Base; path = Base.lproj/LaunchScreen.storyboard; sourceTree = "<group>"; };
		4938A0EB1D3267EB0022EB8A /* Info.plist */ = {isa = PBXFileReference; lastKnownFileType = text.plist.xml; path = Info.plist; sourceTree = "<group>"; };
		494FD3321D4B9AB90006980B /* BubbleSortViewController.h */ = {isa = PBXFileReference; fileEncoding = 4; lastKnownFileType = sourcecode.c.h; path = BubbleSortViewController.h; sourceTree = "<group>"; };
		494FD3331D4B9AB90006980B /* BubbleSortViewController.m */ = {isa = PBXFileReference; fileEncoding = 4; lastKnownFileType = sourcecode.c.objc; path = BubbleSortViewController.m; sourceTree = "<group>"; };
		4971865E1D53926B00D04221 /* SelectionSortViewController.h */ = {isa = PBXFileReference; fileEncoding = 4; lastKnownFileType = sourcecode.c.h; path = SelectionSortViewController.h; sourceTree = "<group>"; };
		4971865F1D53926B00D04221 /* SelectionSortViewController.m */ = {isa = PBXFileReference; fileEncoding = 4; lastKnownFileType = sourcecode.c.objc; path = SelectionSortViewController.m; sourceTree = "<group>"; };
		497186611D53927400D04221 /* MergeSortViewController.h */ = {isa = PBXFileReference; fileEncoding = 4; lastKnownFileType = sourcecode.c.h; path = MergeSortViewController.h; sourceTree = "<group>"; };
		497186621D53927400D04221 /* MergeSortViewController.m */ = {isa = PBXFileReference; fileEncoding = 4; lastKnownFileType = sourcecode.c.objc; path = MergeSortViewController.m; sourceTree = "<group>"; };
		498768161D32963A000669A9 /* Dijkstra.h */ = {isa = PBXFileReference; fileEncoding = 4; lastKnownFileType = sourcecode.c.h; path = Dijkstra.h; sourceTree = "<group>"; };
		498768171D32963A000669A9 /* Dijkstra.m */ = {isa = PBXFileReference; fileEncoding = 4; lastKnownFileType = sourcecode.c.objc; path = Dijkstra.m; sourceTree = "<group>"; };
		49B6DC5F1D51EA73001C86F2 /* MenuViewController.h */ = {isa = PBXFileReference; fileEncoding = 4; lastKnownFileType = sourcecode.c.h; path = MenuViewController.h; sourceTree = "<group>"; };
		49B6DC601D51EA73001C86F2 /* MenuViewController.m */ = {isa = PBXFileReference; fileEncoding = 4; lastKnownFileType = sourcecode.c.objc; path = MenuViewController.m; sourceTree = "<group>"; };
		49D435831D354962004F0B5F /* InsertionSortViewController.h */ = {isa = PBXFileReference; fileEncoding = 4; lastKnownFileType = sourcecode.c.h; path = InsertionSortViewController.h; sourceTree = "<group>"; };
		49D435841D354962004F0B5F /* InsertionSortViewController.m */ = {isa = PBXFileReference; fileEncoding = 4; lastKnownFileType = sourcecode.c.objc; path = InsertionSortViewController.m; sourceTree = "<group>"; };
/* End PBXFileReference section */

/* Begin PBXFrameworksBuildPhase section */
		4938A0D41D3267EB0022EB8A /* Frameworks */ = {
			isa = PBXFrameworksBuildPhase;
			buildActionMask = 2147483647;
			files = (
			);
			runOnlyForDeploymentPostprocessing = 0;
		};
/* End PBXFrameworksBuildPhase section */

/* Begin PBXGroup section */
		4938A0CE1D3267EB0022EB8A = {
			isa = PBXGroup;
			children = (
				4938A0D91D3267EB0022EB8A /* Algorithms */,
				4938A0D81D3267EB0022EB8A /* Products */,
			);
			sourceTree = "<group>";
		};
		4938A0D81D3267EB0022EB8A /* Products */ = {
			isa = PBXGroup;
			children = (
				4938A0D71D3267EB0022EB8A /* Algorithms.app */,
			);
			name = Products;
			sourceTree = "<group>";
		};
		4938A0D91D3267EB0022EB8A /* Algorithms */ = {
			isa = PBXGroup;
			children = (
				497D69091D33776E0093D662 /* Sorting */,
				494FD3351D4BAB360006980B /* ShortestPaths */,
				4938A0E31D3267EB0022EB8A /* Main.storyboard */,
				49B6DC5F1D51EA73001C86F2 /* MenuViewController.h */,
				49B6DC601D51EA73001C86F2 /* MenuViewController.m */,
				498768161D32963A000669A9 /* Dijkstra.h */,
				498768171D32963A000669A9 /* Dijkstra.m */,
				4938A0E61D3267EB0022EB8A /* Assets.xcassets */,
				4938A0E81D3267EB0022EB8A /* LaunchScreen.storyboard */,
				4938A0EB1D3267EB0022EB8A /* Info.plist */,
				4938A0DA1D3267EB0022EB8A /* Supporting Files */,
			);
			path = Algorithms;
			sourceTree = "<group>";
		};
		4938A0DA1D3267EB0022EB8A /* Supporting Files */ = {
			isa = PBXGroup;
			children = (
				4938A0DD1D3267EB0022EB8A /* AppDelegate.h */,
				4938A0DE1D3267EB0022EB8A /* AppDelegate.m */,
				4938A0DB1D3267EB0022EB8A /* main.m */,
			);
			name = "Supporting Files";
			sourceTree = "<group>";
		};
		494FD3351D4BAB360006980B /* ShortestPaths */ = {
			isa = PBXGroup;
			children = (
				4938A0E01D3267EB0022EB8A /* MatrixShortestPathViewController.h */,
				4938A0E11D3267EB0022EB8A /* MatrixShortestPathViewController.m */,
				4911F35D1D4CB18100E8ADB2 /* GraphShortestPathViewController.h */,
				4911F35E1D4CB18100E8ADB2 /* GraphShortestPathViewController.m */,
			);
			name = ShortestPaths;
			sourceTree = "<group>";
		};
		497D69091D33776E0093D662 /* Sorting */ = {
			isa = PBXGroup;
			children = (
				49D435831D354962004F0B5F /* InsertionSortViewController.h */,
				49D435841D354962004F0B5F /* InsertionSortViewController.m */,
				494FD3321D4B9AB90006980B /* BubbleSortViewController.h */,
				494FD3331D4B9AB90006980B /* BubbleSortViewController.m */,
				4971865E1D53926B00D04221 /* SelectionSortViewController.h */,
				4971865F1D53926B00D04221 /* SelectionSortViewController.m */,
				497186611D53927400D04221 /* MergeSortViewController.h */,
				497186621D53927400D04221 /* MergeSortViewController.m */,
			);
			name = Sorting;
			path = ..;
			sourceTree = "<group>";
		};
/* End PBXGroup section */

/* Begin PBXNativeTarget section */
		4938A0D61D3267EB0022EB8A /* Algorithms */ = {
			isa = PBXNativeTarget;
			buildConfigurationList = 4938A0EE1D3267EB0022EB8A /* Build configuration list for PBXNativeTarget "Algorithms" */;
			buildPhases = (
				4938A0D31D3267EB0022EB8A /* Sources */,
				4938A0D41D3267EB0022EB8A /* Frameworks */,
				4938A0D51D3267EB0022EB8A /* Resources */,
			);
			buildRules = (
			);
			dependencies = (
			);
			name = Algorithms;
			productName = "Algorithms Playground";
			productReference = 4938A0D71D3267EB0022EB8A /* Algorithms.app */;
			productType = "com.apple.product-type.application";
		};
/* End PBXNativeTarget section */

/* Begin PBXProject section */
		4938A0CF1D3267EB0022EB8A /* Project object */ = {
			isa = PBXProject;
			attributes = {
				LastUpgradeCheck = 0730;
				ORGANIZATIONNAME = "Mincho Dzhagalov";
				TargetAttributes = {
					4938A0D61D3267EB0022EB8A = {
						CreatedOnToolsVersion = 7.3.1;
						DevelopmentTeam = R6AXWQ8DDU;
					};
				};
			};
			buildConfigurationList = 4938A0D21D3267EB0022EB8A /* Build configuration list for PBXProject "Algorithms" */;
			compatibilityVersion = "Xcode 3.2";
			developmentRegion = English;
			hasScannedForEncodings = 0;
			knownRegions = (
				en,
				Base,
			);
			mainGroup = 4938A0CE1D3267EB0022EB8A;
			productRefGroup = 4938A0D81D3267EB0022EB8A /* Products */;
			projectDirPath = "";
			projectRoot = "";
			targets = (
				4938A0D61D3267EB0022EB8A /* Algorithms */,
			);
		};
/* End PBXProject section */

/* Begin PBXResourcesBuildPhase section */
		4938A0D51D3267EB0022EB8A /* Resources */ = {
			isa = PBXResourcesBuildPhase;
			buildActionMask = 2147483647;
			files = (
				4938A0EA1D3267EB0022EB8A /* LaunchScreen.storyboard in Resources */,
				4938A0E71D3267EB0022EB8A /* Assets.xcassets in Resources */,
				4938A0E51D3267EB0022EB8A /* Main.storyboard in Resources */,
			);
			runOnlyForDeploymentPostprocessing = 0;
		};
/* End PBXResourcesBuildPhase section */

/* Begin PBXSourcesBuildPhase section */
		4938A0D31D3267EB0022EB8A /* Sources */ = {
			isa = PBXSourcesBuildPhase;
			buildActionMask = 2147483647;
			files = (
				4938A0E21D3267EB0022EB8A /* MatrixShortestPathViewController.m in Sources */,
				49D435851D354962004F0B5F /* InsertionSortViewController.m in Sources */,
				497186601D53926B00D04221 /* SelectionSortViewController.m in Sources */,
				494FD3341D4B9AB90006980B /* BubbleSortViewController.m in Sources */,
				49B6DC611D51EA73001C86F2 /* MenuViewController.m in Sources */,
				497186631D53927400D04221 /* MergeSortViewController.m in Sources */,
				498768181D32963A000669A9 /* Dijkstra.m in Sources */,
				4938A0DF1D3267EB0022EB8A /* AppDelegate.m in Sources */,
				4911F35F1D4CB18100E8ADB2 /* GraphShortestPathViewController.m in Sources */,
				4938A0DC1D3267EB0022EB8A /* main.m in Sources */,
			);
			runOnlyForDeploymentPostprocessing = 0;
		};
/* End PBXSourcesBuildPhase section */

/* Begin PBXVariantGroup section */
		4938A0E31D3267EB0022EB8A /* Main.storyboard */ = {
			isa = PBXVariantGroup;
			children = (
				4938A0E41D3267EB0022EB8A /* Base */,
			);
			name = Main.storyboard;
			sourceTree = "<group>";
		};
		4938A0E81D3267EB0022EB8A /* LaunchScreen.storyboard */ = {
			isa = PBXVariantGroup;
			children = (
				4938A0E91D3267EB0022EB8A /* Base */,
			);
			name = LaunchScreen.storyboard;
			sourceTree = "<group>";
		};
/* End PBXVariantGroup section */

/* Begin XCBuildConfiguration section */
		4938A0EC1D3267EB0022EB8A /* Debug */ = {
			isa = XCBuildConfiguration;
			buildSettings = {
				ALWAYS_SEARCH_USER_PATHS = NO;
				CLANG_ANALYZER_NONNULL = YES;
				CLANG_CXX_LANGUAGE_STANDARD = "gnu++0x";
				CLANG_CXX_LIBRARY = "libc++";
				CLANG_ENABLE_MODULES = YES;
				CLANG_ENABLE_OBJC_ARC = YES;
				CLANG_WARN_BOOL_CONVERSION = YES;
				CLANG_WARN_CONSTANT_CONVERSION = YES;
				CLANG_WARN_DIRECT_OBJC_ISA_USAGE = YES_ERROR;
				CLANG_WARN_EMPTY_BODY = YES;
				CLANG_WARN_ENUM_CONVERSION = YES;
				CLANG_WARN_INT_CONVERSION = YES;
				CLANG_WARN_OBJC_ROOT_CLASS = YES_ERROR;
				CLANG_WARN_UNREACHABLE_CODE = YES;
				CLANG_WARN__DUPLICATE_METHOD_MATCH = YES;
				"CODE_SIGN_IDENTITY[sdk=iphoneos*]" = "iPhone Developer";
				COPY_PHASE_STRIP = NO;
				DEBUG_INFORMATION_FORMAT = dwarf;
				ENABLE_STRICT_OBJC_MSGSEND = YES;
				ENABLE_TESTABILITY = YES;
				GCC_C_LANGUAGE_STANDARD = gnu99;
				GCC_DYNAMIC_NO_PIC = NO;
				GCC_NO_COMMON_BLOCKS = YES;
				GCC_OPTIMIZATION_LEVEL = 0;
				GCC_PREPROCESSOR_DEFINITIONS = (
					"DEBUG=1",
					"$(inherited)",
				);
				GCC_WARN_64_TO_32_BIT_CONVERSION = YES;
				GCC_WARN_ABOUT_RETURN_TYPE = YES_ERROR;
				GCC_WARN_UNDECLARED_SELECTOR = YES;
				GCC_WARN_UNINITIALIZED_AUTOS = YES_AGGRESSIVE;
				GCC_WARN_UNUSED_FUNCTION = YES;
				GCC_WARN_UNUSED_VARIABLE = YES;
				IPHONEOS_DEPLOYMENT_TARGET = 9.3;
				MTL_ENABLE_DEBUG_INFO = YES;
				ONLY_ACTIVE_ARCH = YES;
				SDKROOT = iphoneos;
			};
			name = Debug;
		};
		4938A0ED1D3267EB0022EB8A /* Release */ = {
			isa = XCBuildConfiguration;
			buildSettings = {
				ALWAYS_SEARCH_USER_PATHS = NO;
				CLANG_ANALYZER_NONNULL = YES;
				CLANG_CXX_LANGUAGE_STANDARD = "gnu++0x";
				CLANG_CXX_LIBRARY = "libc++";
				CLANG_ENABLE_MODULES = YES;
				CLANG_ENABLE_OBJC_ARC = YES;
				CLANG_WARN_BOOL_CONVERSION = YES;
				CLANG_WARN_CONSTANT_CONVERSION = YES;
				CLANG_WARN_DIRECT_OBJC_ISA_USAGE = YES_ERROR;
				CLANG_WARN_EMPTY_BODY = YES;
				CLANG_WARN_ENUM_CONVERSION = YES;
				CLANG_WARN_INT_CONVERSION = YES;
				CLANG_WARN_OBJC_ROOT_CLASS = YES_ERROR;
				CLANG_WARN_UNREACHABLE_CODE = YES;
				CLANG_WARN__DUPLICATE_METHOD_MATCH = YES;
				"CODE_SIGN_IDENTITY[sdk=iphoneos*]" = "iPhone Developer";
				COPY_PHASE_STRIP = NO;
				DEBUG_INFORMATION_FORMAT = "dwarf-with-dsym";
				ENABLE_NS_ASSERTIONS = NO;
				ENABLE_STRICT_OBJC_MSGSEND = YES;
				GCC_C_LANGUAGE_STANDARD = gnu99;
				GCC_NO_COMMON_BLOCKS = YES;
				GCC_WARN_64_TO_32_BIT_CONVERSION = YES;
				GCC_WARN_ABOUT_RETURN_TYPE = YES_ERROR;
				GCC_WARN_UNDECLARED_SELECTOR = YES;
				GCC_WARN_UNINITIALIZED_AUTOS = YES_AGGRESSIVE;
				GCC_WARN_UNUSED_FUNCTION = YES;
				GCC_WARN_UNUSED_VARIABLE = YES;
				IPHONEOS_DEPLOYMENT_TARGET = 9.3;
				MTL_ENABLE_DEBUG_INFO = NO;
				SDKROOT = iphoneos;
				VALIDATE_PRODUCT = YES;
			};
			name = Release;
		};
		4938A0EF1D3267EB0022EB8A /* Debug */ = {
			isa = XCBuildConfiguration;
			buildSettings = {
				ASSETCATALOG_COMPILER_APPICON_NAME = AppIcon;
				INFOPLIST_FILE = Algorithms/Info.plist;
				LD_RUNPATH_SEARCH_PATHS = "$(inherited) @executable_path/Frameworks";
				PRODUCT_BUNDLE_IDENTIFIER = com.MinchoDzhagalov.Algorithms;
				PRODUCT_NAME = "$(TARGET_NAME)";
			};
			name = Debug;
		};
		4938A0F01D3267EB0022EB8A /* Release */ = {
			isa = XCBuildConfiguration;
			buildSettings = {
				ASSETCATALOG_COMPILER_APPICON_NAME = AppIcon;
				INFOPLIST_FILE = Algorithms/Info.plist;
				LD_RUNPATH_SEARCH_PATHS = "$(inherited) @executable_path/Frameworks";
				PRODUCT_BUNDLE_IDENTIFIER = com.MinchoDzhagalov.Algorithms;
				PRODUCT_NAME = "$(TARGET_NAME)";
			};
			name = Release;
		};
/* End XCBuildConfiguration section */

/* Begin XCConfigurationList section */
		4938A0D21D3267EB0022EB8A /* Build configuration list for PBXProject "Algorithms" */ = {
			isa = XCConfigurationList;
			buildConfigurations = (
				4938A0EC1D3267EB0022EB8A /* Debug */,
				4938A0ED1D3267EB0022EB8A /* Release */,
			);
			defaultConfigurationIsVisible = 0;
			defaultConfigurationName = Release;
		};
		4938A0EE1D3267EB0022EB8A /* Build configuration list for PBXNativeTarget "Algorithms" */ = {
			isa = XCConfigurationList;
			buildConfigurations = (
				4938A0EF1D3267EB0022EB8A /* Debug */,
				4938A0F01D3267EB0022EB8A /* Release */,
			);
			defaultConfigurationIsVisible = 0;
			defaultConfigurationName = Release;
		};
/* End XCConfigurationList section */
	};
	rootObject = 4938A0CF1D3267EB0022EB8A /* Project object */;
}
